
Microsoft Visual Studio Solution File, Format Version 12.00
# Visual Studio Version 17
VisualStudioVersion = 17.8.34511.84
MinimumVisualStudioVersion = 10.0.40219.1
Project("{FAE04EC0-301F-11D3-BF4B-00C04F79EFBC}") = "WebApiRestFul", "WebApiRestFul\WebApiRestFul.csproj", "{8F831301-C34B-47AE-8AB0-0FB9D8A49E31}"
EndProject
Global
	GlobalSection(SolutionConfigurationPlatforms) = preSolution
		Debug|Any CPU = Debug|Any CPU
		Release|Any CPU = Release|Any CPU
	EndGlobalSection
	GlobalSection(ProjectConfigurationPlatforms) = postSolution
		{8F831301-C34B-47AE-8AB0-0FB9D8A49E31}.Debug|Any CPU.ActiveCfg = Debug|Any CPU
		{8F831301-C34B-47AE-8AB0-0FB9D8A49E31}.Debug|Any CPU.Build.0 = Debug|Any CPU
		{8F831301-C34B-47AE-8AB0-0FB9D8A49E31}.Release|Any CPU.ActiveCfg = Release|Any CPU
		{8F831301-C34B-47AE-8AB0-0FB9D8A49E31}.Release|Any CPU.Build.0 = Release|Any CPU
	EndGlobalSection
	GlobalSection(SolutionProperties) = preSolution
		HideSolutionNode = FALSE
	EndGlobalSection
	GlobalSection(ExtensibilityGlobals) = postSolution
		SolutionGuid = {51CA017D-8F53-4D1A-975B-1AD3246529FF}
	EndGlobalSection
EndGlobal
